<?xml version="1.0" encoding="utf-8"?>
<Project ToolsVersion="4.0" xmlns="http://schemas.microsoft.com/developer/msbuild/2003">
  <ItemGroup>
    <Filter Include="Source Files">
      <UniqueIdentifier>{4FC737F1-C7A5-4376-A066-2A32D752A2FF}</UniqueIdentifier>
      <Extensions>cpp;c;cc;cxx;def;odl;idl;hpj;bat;asm;asmx</Extensions>
    </Filter>
    <Filter Include="Header Files">
      <UniqueIdentifier>{93995380-89BD-4b04-88EB-625FBE52EBFB}</UniqueIdentifier>
      <Extensions>h;hpp;hxx;hm;inl;inc;xsd</Extensions>
    </Filter>
    <Filter Include="Resource Files">
      <UniqueIdentifier>{67DA6AB6-F800-4c08-8B7A-83BB121AAD01}</UniqueIdentifier>
      <Extensions>rc;ico;cur;bmp;dlg;rc2;rct;bin;rgs;gif;jpg;jpeg;jpe;resx;tiff;tif;png;wav;mfcribbon-ms</Extensions>
    </Filter>
  </ItemGroup>
  <ItemGroup>
    <ClInclude Include="cold\render\vertex_buffer.h">
      <Filter>Header Files</Filter>
    </ClInclude>
    <ClInclude Include="cold\render\vertex_element.h">
      <Filter>Header Files</Filter>
    </ClInclude>
    <ClInclude Include="cold\render\vertex_array.h">
      <Filter>Header Files</Filter>
    </ClInclude>
    <ClInclude Include="cold\render\index_buffer.h">
      <Filter>Header Files</Filter>
    </ClInclude>
    <ClInclude Include="cold\render\types.h">
      <Filter>Header Files</Filter>
    </ClInclude>
    <ClInclude Include="cold\render\enums.h">
      <Filter>Header Files</Filter>
    </ClInclude>
    <ClInclude Include="cold\math\plane_iterator.h">
      <Filter>Header Files</Filter>
    </ClInclude>
    <ClInclude Include="cold\math\bounding_box.h">
      <Filter>Header Files</Filter>
    </ClInclude>
    <ClInclude Include="cold\math\bounding_frustum.h">
      <Filter>Header Files</Filter>
    </ClInclude>
    <ClInclude Include="cold\math\plane.h">
      <Filter>Header Files</Filter>
    </ClInclude>
    <ClInclude Include="cold\platform\application.h">
      <Filter>Header Files</Filter>
    </ClInclude>
    <ClInclude Include="cold\platform\os.h">
      <Filter>Header Files</Filter>
    </ClInclude>
    <ClInclude Include="cold\block\render_chunk.h">
      <Filter>Header Files</Filter>
    </ClInclude>
    <ClInclude Include="cold\engine\block.h">
      <Filter>Header Files</Filter>
    </ClInclude>
    <ClInclude Include="cold\engine\handle.h">
      <Filter>Header Files</Filter>
    </ClInclude>
    <ClInclude Include="cold\engine\quadtree.h">
      <Filter>Header Files</Filter>
    </ClInclude>
    <ClInclude Include="cold\engine\scene.h">
      <Filter>Header Files</Filter>
    </ClInclude>
    <ClInclude Include="cold\engine\wind_vector.h">
      <Filter>Header Files</Filter>
    </ClInclude>
    <ClInclude Include="cold\engine\map.h">
      <Filter>Header Files</Filter>
    </ClInclude>
    <ClInclude Include="cold\engine\render\chunk.h">
      <Filter>Header Files</Filter>
    </ClInclude>
    <ClInclude Include="cold\render\mesh.h">
      <Filter>Header Files</Filter>
    </ClInclude>
    <ClInclude Include="cold\util\assert.h">
      <Filter>Header Files</Filter>
    </ClInclude>
    <ClInclude Include="cold\render\util\basic_vertex_declarations.h">
      <Filter>Header Files</Filter>
    </ClInclude>
    <ClInclude Include="cold\render\vertex_declaration.h">
      <Filter>Header Files</Filter>
    </ClInclude>
    <ClInclude Include="cold\render\util\mesh_builder.h">
      <Filter>Header Files</Filter>
    </ClInclude>
    <ClInclude Include="cold\util\raw_vector.h">
      <Filter>Header Files</Filter>
    </ClInclude>
    <ClInclude Include="cold\render\util\triangle_mesh_builder.h">
      <Filter>Header Files</Filter>
    </ClInclude>
    <ClInclude Include="cold\util\count_vector.h">
      <Filter>Header Files</Filter>
    </ClInclude>
    <ClInclude Include="cold\render\util\basic_vertex_types.h">
      <Filter>Header Files</Filter>
    </ClInclude>
    <ClInclude Include="cold\render\shader.h">
      <Filter>Header Files</Filter>
    </ClInclude>
    <ClInclude Include="cold\platform\io.h">
      <Filter>Header Files</Filter>
    </ClInclude>
    <ClInclude Include="cold\engine\entity.h">
      <Filter>Header Files</Filter>
    </ClInclude>
    <ClInclude Include="cold\game\entity\player.h">
      <Filter>Header Files</Filter>
    </ClInclude>
    <ClInclude Include="cold\game\entity\physical.h">
      <Filter>Header Files</Filter>
    </ClInclude>
    <ClInclude Include="cold\physics\aabb.h">
      <Filter>Header Files</Filter>
    </ClInclude>
    <ClInclude Include="cold\engine\camera.h">
      <Filter>Header Files</Filter>
    </ClInclude>
    <ClInclude Include="cold\script\compile\ast.h">
      <Filter>Header Files</Filter>
    </ClInclude>
    <ClInclude Include="cold\script\compile\parse.h">
      <Filter>Header Files</Filter>
    </ClInclude>
    <ClInclude Include="cold\script\compile\scan.h">
      <Filter>Header Files</Filter>
    </ClInclude>
    <ClInclude Include="cold\script\compile\token.h">
      <Filter>Header Files</Filter>
    </ClInclude>
    <ClInclude Include="cold\script\value.h">
      <Filter>Header Files</Filter>
    </ClInclude>
    <ClInclude Include="cold\script\instance.h">
      <Filter>Header Files</Filter>
    </ClInclude>
    <ClInclude Include="cold\script\engine.h">
      <Filter>Header Files</Filter>
    </ClInclude>
    <ClInclude Include="cold\script\instruction.h">
      <Filter>Header Files</Filter>
    </ClInclude>
    <ClInclude Include="cold\script\compile\compile.h">
      <Filter>Header Files</Filter>
    </ClInclude>
    <ClInclude Include="cold\script\param.h">
      <Filter>Header Files</Filter>
    </ClInclude>
    <ClInclude Include="cold\script\function_instance.h">
      <Filter>Header Files</Filter>
    </ClInclude>
    <ClInclude Include="cold\script\object_instance.h">
      <Filter>Header Files</Filter>
    </ClInclude>
    <ClInclude Include="cold\script\function_definition.h">
      <Filter>Header Files</Filter>
    </ClInclude>
    <ClInclude Include="cold\util\sized_stack.h">
      <Filter>Header Files</Filter>
    </ClInclude>
    <ClInclude Include="cold\script\list_instance.h">
      <Filter>Header Files</Filter>
    </ClInclude>
    <ClInclude Include="cold\util\delegate.h">
      <Filter>Header Files</Filter>
    </ClInclude>
    <ClInclude Include="cold\script\function.h">
      <Filter>Header Files</Filter>
    </ClInclude>
    <ClInclude Include="cold\script\instance_handle.h">
      <Filter>Header Files</Filter>
    </ClInclude>
    <ClInclude Include="cold\script\object.h">
      <Filter>Header Files</Filter>
    </ClInclude>
    <ClInclude Include="cold\script\list.h">
      <Filter>Header Files</Filter>
    </ClInclude>
    <ClInclude Include="cold\script\param_list.h">
      <Filter>Header Files</Filter>
    </ClInclude>
    <ClInclude Include="cold\script\param_list_static.h">
      <Filter>Header Files</Filter>
    </ClInclude>
    <ClInclude Include="cold\ui\control.h">
      <Filter>Header Files</Filter>
    </ClInclude>
    <ClInclude Include="cold\ui\container.h">
      <Filter>Header Files</Filter>
    </ClInclude>
    <ClInclude Include="cold\math\rectangle.h">
      <Filter>Header Files</Filter>
    </ClInclude>
    <ClInclude Include="cold\ui\panel.h">
      <Filter>Header Files</Filter>
    </ClInclude>
    <ClInclude Include="cold\render\render.h">
      <Filter>Header Files</Filter>
    </ClInclude>
    <ClInclude Include="cold\render\texture.h">
      <Filter>Header Files</Filter>
    </ClInclude>
    <ClInclude Include="soil\SOIL.h">
      <Filter>Header Files</Filter>
    </ClInclude>
    <ClInclude Include="soil\image_DXT.h">
      <Filter>Header Files</Filter>
    </ClInclude>
    <ClInclude Include="soil\image_helper.h">
      <Filter>Header Files</Filter>
    </ClInclude>
    <ClInclude Include="soil\stb_image_aug.h">
      <Filter>Header Files</Filter>
    </ClInclude>
    <ClInclude Include="soil\stbi_DDS_aug.h">
      <Filter>Header Files</Filter>
    </ClInclude>
    <ClInclude Include="soil\stbi_DDS_aug_c.h">
      <Filter>Header Files</Filter>
    </ClInclude>
    <ClInclude Include="cold\input\arrow_input.h">
      <Filter>Header Files</Filter>
    </ClInclude>
    <ClInclude Include="cold\input\bind.h">
      <Filter>Header Files</Filter>
    </ClInclude>
    <ClInclude Include="cold\input\input.h">
      <Filter>Header Files</Filter>
    </ClInclude>
    <ClInclude Include="cold\input\io.h">
      <Filter>Header Files</Filter>
    </ClInclude>
    <ClInclude Include="cold\input\key_input.h">
      <Filter>Header Files</Filter>
    </ClInclude>
    <ClInclude Include="cold\input\keyboard.h">
      <Filter>Header Files</Filter>
    </ClInclude>
    <ClInclude Include="cold\input\mouse.h">
      <Filter>Header Files</Filter>
    </ClInclude>
    <ClInclude Include="cold\input\mouse_input.h">
      <Filter>Header Files</Filter>
    </ClInclude>
    <ClInclude Include="cold\input\multiplier_input.h">
      <Filter>Header Files</Filter>
    </ClInclude>
    <ClInclude Include="cold\resource\resource_manager.h">
      <Filter>Header Files</Filter>
    </ClInclude>
    <ClInclude Include="cold\util\unique_ptr.h">
      <Filter>Header Files</Filter>
    </ClInclude>
    <ClInclude Include="cold\resource\handle.h">
      <Filter>Header Files</Filter>
    </ClInclude>
    <ClInclude Include="cold\resource\resource.h">
      <Filter>Header Files</Filter>
    </ClInclude>
    <ClInclude Include="cold\resource\resource_loader.h">
      <Filter>Header Files</Filter>
    </ClInclude>
    <ClInclude Include="cold\resource\text_resource_loader.h">
      <Filter>Header Files</Filter>
    </ClInclude>
    <ClInclude Include="cold\resource\text_resource_parser.h">
      <Filter>Header Files</Filter>
    </ClInclude>
    <ClInclude Include="cold\render\util\sprite_batch.h">
      <Filter>Header Files</Filter>
    </ClInclude>
    <ClInclude Include="cold\util\unique_array.h">
      <Filter>Header Files</Filter>
    </ClInclude>
    <ClInclude Include="cold\resource\raw_texture.h">
      <Filter>Header Files</Filter>
    </ClInclude>
    <ClInclude Include="cold\resource\logging_resource_loader.h">
      <Filter>Header Files</Filter>
    </ClInclude>
    <ClInclude Include="cold\net\impl\impl.h">
      <Filter>Header Files</Filter>
    </ClInclude>
    <ClInclude Include="cold\net\impl\win32.h">
      <Filter>Header Files</Filter>
    </ClInclude>
    <ClInclude Include="cold\platform\platform.h">
      <Filter>Header Files</Filter>
    </ClInclude>
    <ClInclude Include="cold\net\socket.h">
      <Filter>Header Files</Filter>
    </ClInclude>
    <ClInclude Include="cold\net\address.h">
      <Filter>Header Files</Filter>
    </ClInclude>
    <ClInclude Include="cold\util\either.h">
      <Filter>Header Files</Filter>
    </ClInclude>
    <ClInclude Include="cold\net\impl\_sysimpl.h">
      <Filter>Header Files</Filter>
    </ClInclude>
    <ClInclude Include="cold\net\basic_socket.h">
      <Filter>Header Files</Filter>
    </ClInclude>
    <ClInclude Include="cold\render\blend_state.h">
      <Filter>Header Files</Filter>
    </ClInclude>
    <ClInclude Include="cold\audio\audio.h">
      <Filter>Header Files</Filter>
    </ClInclude>
    <ClInclude Include="cold\audio\music.h">
      <Filter>Header Files</Filter>
    </ClInclude>
    <ClInclude Include="cold\audio\channel.h">
      <Filter>Header Files</Filter>
    </ClInclude>
    <ClInclude Include="cold\resource\file_handle.h">
      <Filter>Header Files</Filter>
    </ClInclude>
    <ClInclude Include="cold\audio\sound_manager.h">
      <Filter>Header Files</Filter>
    </ClInclude>
    <ClInclude Include="cold\audio\sound.h">
      <Filter>Header Files</Filter>
    </ClInclude>
    <ClInclude Include="cold\audio\priority.h">
      <Filter>Header Files</Filter>
    </ClInclude>
    <ClInclude Include="cold\render\font\font_impl.h">
      <Filter>Header Files</Filter>
    </ClInclude>
    <ClInclude Include="cold\render\font\basic_ascii_font.h">
      <Filter>Header Files</Filter>
    </ClInclude>
    <ClInclude Include="cold\render\font.h">
      <Filter>Header Files</Filter>
    </ClInclude>
    <ClInclude Include="cold\render\font\fnt_font.h">
      <Filter>Header Files</Filter>
    </ClInclude>
    <ClInclude Include="cold\render\font\font_char.h">
      <Filter>Header Files</Filter>
    </ClInclude>
    <ClInclude Include="cold\util\buffered_stream.h">
      <Filter>Header Files</Filter>
    </ClInclude>
    <ClInclude Include="cold\util\config_scanner.h">
      <Filter>Header Files</Filter>
    </ClInclude>
    <ClInclude Include="cold\util\string.h">
      <Filter>Header Files</Filter>
    </ClInclude>
    <ClInclude Include="cold\util\endian.h">
      <Filter>Header Files</Filter>
    </ClInclude>
    <ClInclude Include="cold\ui\label.h">
      <Filter>Header Files</Filter>
    </ClInclude>
    <ClInclude Include="cold\ui\line_graph.h">
      <Filter>Header Files</Filter>
    </ClInclude>
    <ClInclude Include="cold\render\util\line_triangulation.h">
      <Filter>Header Files</Filter>
    </ClInclude>
    <ClInclude Include="cold\math\geometry.h">
      <Filter>Header Files</Filter>
    </ClInclude>
    <ClInclude Include="cold\util\maybe.h">
      <Filter>Header Files</Filter>
    </ClInclude>
    <ClInclude Include="cold\render\impl\base_buffer.h">
      <Filter>Header Files</Filter>
    </ClInclude>
    <ClInclude Include="cold\render\impl\debug.h">
      <Filter>Header Files</Filter>
    </ClInclude>
    <ClInclude Include="cold\render\impl\gl.h">
      <Filter>Header Files</Filter>
    </ClInclude>
    <ClInclude Include="cold\render\render_state.h">
      <Filter>Header Files</Filter>
    </ClInclude>
    <ClInclude Include="cold\game\game.h">
      <Filter>Header Files</Filter>
    </ClInclude>
    <ClInclude Include="cold\util\buffer_vector.h">
      <Filter>Header Files</Filter>
    </ClInclude>
    <ClInclude Include="cold\input\func_input.h">
      <Filter>Header Files</Filter>
    </ClInclude>
    <ClInclude Include="cold\input\op_input.h">
      <Filter>Header Files</Filter>
    </ClInclude>
    <ClInclude Include="cold\net\packet.h">
      <Filter>Header Files</Filter>
    </ClInclude>
    <ClInclude Include="cold\math\ray.h">
      <Filter>Header Files</Filter>
    </ClInclude>
  </ItemGroup>
  <ItemGroup>
    <ClCompile Include="cold\render\vertex_declaration.cpp">
      <Filter>Source Files</Filter>
    </ClCompile>
    <ClCompile Include="cold\render\vertex_array.cpp">
      <Filter>Source Files</Filter>
    </ClCompile>
    <ClCompile Include="cold\render\vertex_buffer.cpp">
      <Filter>Source Files</Filter>
    </ClCompile>
    <ClCompile Include="cold\render\index_buffer.cpp">
      <Filter>Source Files</Filter>
    </ClCompile>
    <ClCompile Include="cold\math\bounding_frustum.cpp">
      <Filter>Source Files</Filter>
    </ClCompile>
    <ClCompile Include="cold\math\plane.cpp">
      <Filter>Source Files</Filter>
    </ClCompile>
    <ClCompile Include="cold\math\bounding_box.cpp">
      <Filter>Source Files</Filter>
    </ClCompile>
    <ClCompile Include="cold\platform\application.cpp">
      <Filter>Source Files</Filter>
    </ClCompile>
    <ClCompile Include="cold\platform\os.cpp">
      <Filter>Source Files</Filter>
    </ClCompile>
    <ClCompile Include="test.cpp">
      <Filter>Source Files</Filter>
    </ClCompile>
    <ClCompile Include="test2.cpp">
      <Filter>Source Files</Filter>
    </ClCompile>
    <ClCompile Include="cold\engine\map.cpp">
      <Filter>Source Files</Filter>
    </ClCompile>
    <ClCompile Include="cold\engine\render\chunk.cpp">
      <Filter>Source Files</Filter>
    </ClCompile>
    <ClCompile Include="cold\render\mesh.cpp">
      <Filter>Source Files</Filter>
    </ClCompile>
    <ClCompile Include="cold\util\assert.cpp">
      <Filter>Source Files</Filter>
    </ClCompile>
    <ClCompile Include="cold\render\util\basic_vertex_declarations.cpp">
      <Filter>Source Files</Filter>
    </ClCompile>
    <ClCompile Include="cold\util\raw_vector.cpp">
      <Filter>Source Files</Filter>
    </ClCompile>
    <ClCompile Include="cold\render\enums.cpp">
      <Filter>Source Files</Filter>
    </ClCompile>
    <ClCompile Include="cold\render\util\mesh_builder.cpp">
      <Filter>Source Files</Filter>
    </ClCompile>
    <ClCompile Include="cold\render\util\triangle_mesh_builder.cpp">
      <Filter>Source Files</Filter>
    </ClCompile>
    <ClCompile Include="cold\util\count_vector.cpp">
      <Filter>Source Files</Filter>
    </ClCompile>
    <ClCompile Include="cold\render\shader.cpp">
      <Filter>Source Files</Filter>
    </ClCompile>
    <ClCompile Include="cold\platform\io.cpp">
      <Filter>Source Files</Filter>
    </ClCompile>
    <ClCompile Include="cold\engine\scene.cpp">
      <Filter>Source Files</Filter>
    </ClCompile>
    <ClCompile Include="cold\engine\entity.cpp">
      <Filter>Source Files</Filter>
    </ClCompile>
    <ClCompile Include="cold\game\entity\physical.cpp">
      <Filter>Source Files</Filter>
    </ClCompile>
    <ClCompile Include="cold\game\entity\player.cpp">
      <Filter>Source Files</Filter>
    </ClCompile>
    <ClCompile Include="cold\physics\aabb.cpp">
      <Filter>Source Files</Filter>
    </ClCompile>
    <ClCompile Include="cold\engine\camera.cpp">
      <Filter>Source Files</Filter>
    </ClCompile>
    <ClCompile Include="test3.cpp">
      <Filter>Source Files</Filter>
    </ClCompile>
    <ClCompile Include="test4.cpp">
      <Filter>Source Files</Filter>
    </ClCompile>
    <ClCompile Include="test5.cpp">
      <Filter>Source Files</Filter>
    </ClCompile>
    <ClCompile Include="cold\script\compile\ast.cpp">
      <Filter>Source Files</Filter>
    </ClCompile>
    <ClCompile Include="cold\script\compile\parse.cpp">
      <Filter>Source Files</Filter>
    </ClCompile>
    <ClCompile Include="cold\script\compile\scan.cpp">
      <Filter>Source Files</Filter>
    </ClCompile>
    <ClCompile Include="cold\script\compile\token.cpp">
      <Filter>Source Files</Filter>
    </ClCompile>
    <ClCompile Include="cold\script\value.cpp">
      <Filter>Source Files</Filter>
    </ClCompile>
    <ClCompile Include="cold\script\engine.cpp">
      <Filter>Source Files</Filter>
    </ClCompile>
    <ClCompile Include="test6.cpp">
      <Filter>Source Files</Filter>
    </ClCompile>
    <ClCompile Include="cold\script\instance.cpp">
      <Filter>Source Files</Filter>
    </ClCompile>
    <ClCompile Include="cold\script\compile\compile.cpp">
      <Filter>Source Files</Filter>
    </ClCompile>
    <ClCompile Include="cold\script\instruction.cpp">
      <Filter>Source Files</Filter>
    </ClCompile>
    <ClCompile Include="cold\script\param.cpp">
      <Filter>Source Files</Filter>
    </ClCompile>
    <ClCompile Include="cold\script\function_instance.cpp">
      <Filter>Source Files</Filter>
    </ClCompile>
    <ClCompile Include="cold\script\function_definition.cpp">
      <Filter>Source Files</Filter>
    </ClCompile>
    <ClCompile Include="cold\script\object_instance.cpp">
      <Filter>Source Files</Filter>
    </ClCompile>
    <ClCompile Include="cold\script\list_instance.cpp">
      <Filter>Source Files</Filter>
    </ClCompile>
    <ClCompile Include="cold\script\function.cpp">
      <Filter>Source Files</Filter>
    </ClCompile>
    <ClCompile Include="cold\script\list.cpp">
      <Filter>Source Files</Filter>
    </ClCompile>
    <ClCompile Include="cold\script\param_list_static.cpp">
      <Filter>Source Files</Filter>
    </ClCompile>
    <ClCompile Include="cold\ui\container.cpp">
      <Filter>Source Files</Filter>
    </ClCompile>
    <ClCompile Include="cold\ui\panel.cpp">
      <Filter>Source Files</Filter>
    </ClCompile>
    <ClCompile Include="cold\math\rectangle.cpp">
      <Filter>Source Files</Filter>
    </ClCompile>
    <ClCompile Include="test\test_ui.cpp">
      <Filter>Source Files</Filter>
    </ClCompile>
    <ClCompile Include="cold\render\render.cpp">
      <Filter>Source Files</Filter>
    </ClCompile>
    <ClCompile Include="cold\render\texture.cpp">
      <Filter>Source Files</Filter>
    </ClCompile>
    <ClCompile Include="soil\image_DXT.c">
      <Filter>Source Files</Filter>
    </ClCompile>
    <ClCompile Include="soil\image_helper.c">
      <Filter>Source Files</Filter>
    </ClCompile>
    <ClCompile Include="soil\SOIL.c">
      <Filter>Source Files</Filter>
    </ClCompile>
    <ClCompile Include="soil\stb_image_aug.c">
      <Filter>Source Files</Filter>
    </ClCompile>
    <ClCompile Include="cold\input\keyboard.cpp">
      <Filter>Source Files</Filter>
    </ClCompile>
    <ClCompile Include="cold\input\mouse.cpp">
      <Filter>Source Files</Filter>
    </ClCompile>
    <ClCompile Include="cold\resource\text_resource_parser.cpp">
      <Filter>Source Files</Filter>
    </ClCompile>
    <ClCompile Include="test7.cpp">
      <Filter>Source Files</Filter>
    </ClCompile>
    <ClCompile Include="cold\resource\load_info.cpp">
      <Filter>Source Files</Filter>
    </ClCompile>
    <ClCompile Include="cold\resource\resource_loader.cpp">
      <Filter>Source Files</Filter>
    </ClCompile>
    <ClCompile Include="cold\resource\text_resource_loader.cpp">
      <Filter>Source Files</Filter>
    </ClCompile>
    <ClCompile Include="cold\render\util\sprite_batch.cpp">
      <Filter>Source Files</Filter>
    </ClCompile>
    <ClCompile Include="cold\resource\raw_texture.cpp">
      <Filter>Source Files</Filter>
    </ClCompile>
    <ClCompile Include="cold\resource\logging_resource_loader.cpp">
      <Filter>Source Files</Filter>
    </ClCompile>
    <ClCompile Include="cold\resource\resource_manager.cpp">
      <Filter>Source Files</Filter>
    </ClCompile>
    <ClCompile Include="cold\net\net.cpp">
      <Filter>Source Files</Filter>
    </ClCompile>
    <ClCompile Include="cold\net\impl\win32.cpp">
      <Filter>Source Files</Filter>
    </ClCompile>
    <ClCompile Include="cold\net\socket.cpp">
      <Filter>Source Files</Filter>
    </ClCompile>
    <ClCompile Include="cold\net\impl\impl.cpp">
      <Filter>Source Files</Filter>
    </ClCompile>
    <ClCompile Include="test8.cpp">
      <Filter>Source Files</Filter>
    </ClCompile>
    <ClCompile Include="cold\net\address.cpp">
      <Filter>Source Files</Filter>
    </ClCompile>
    <ClCompile Include="cold\render\blend_state.cpp">
      <Filter>Source Files</Filter>
    </ClCompile>
    <ClCompile Include="cold\audio\audio.cpp">
      <Filter>Source Files</Filter>
    </ClCompile>
    <ClCompile Include="cold\audio\music.cpp">
      <Filter>Source Files</Filter>
    </ClCompile>
    <ClCompile Include="cold\resource\file_handle.cpp">
      <Filter>Source Files</Filter>
    </ClCompile>
    <ClCompile Include="cold\audio\sound_manager.cpp">
      <Filter>Source Files</Filter>
    </ClCompile>
    <ClCompile Include="cold\audio\sound.cpp">
      <Filter>Source Files</Filter>
    </ClCompile>
    <ClCompile Include="cold\render\font\basic_ascii_font.cpp">
      <Filter>Source Files</Filter>
    </ClCompile>
    <ClCompile Include="cold\render\font.cpp">
      <Filter>Source Files</Filter>
    </ClCompile>
    <ClCompile Include="cold\render\font\fnt_font.cpp">
      <Filter>Source Files</Filter>
    </ClCompile>
    <ClCompile Include="cold\util\buffered_stream.cpp">
      <Filter>Source Files</Filter>
    </ClCompile>
    <ClCompile Include="cold\util\config_scanner.cpp">
      <Filter>Source Files</Filter>
    </ClCompile>
    <ClCompile Include="cold\util\string.cpp">
      <Filter>Source Files</Filter>
    </ClCompile>
    <ClCompile Include="cold\util\endian.cpp">
      <Filter>Source Files</Filter>
    </ClCompile>
    <ClCompile Include="test9.cpp">
      <Filter>Source Files</Filter>
    </ClCompile>
    <ClCompile Include="cold\ui\line_graph.cpp">
      <Filter>Source Files</Filter>
    </ClCompile>
    <ClCompile Include="cold\math\geometry.cpp">
      <Filter>Source Files</Filter>
    </ClCompile>
    <ClCompile Include="cold\render\impl\base_buffer.cpp">
      <Filter>Source Files</Filter>
    </ClCompile>
    <ClCompile Include="cold\render\impl\debug.cpp">
      <Filter>Source Files</Filter>
    </ClCompile>
    <ClCompile Include="cold\render\render_state.cpp">
      <Filter>Source Files</Filter>
    </ClCompile>
    <ClCompile Include="cold\game\game.cpp">
      <Filter>Source Files</Filter>
    </ClCompile>
    <ClCompile Include="cold\test\read_text_from_keyboard.cpp">
      <Filter>Source Files</Filter>
    </ClCompile>
  </ItemGroup>
  <ItemGroup>
    <None Include="data\shader\test.frag" />
    <None Include="data\shader\test.vert" />
    <None Include="cold\resource\load_info.h">
      <Filter>Header Files</Filter>
    </None>
    <None Include="cold\net\net.h">
      <Filter>Header Files</Filter>
    </None>
  </ItemGroup>
</Project>